{
  "nodes": {
    "brew-src": {
      "flake": false,
      "locked": {
        "lastModified": 1784068757,
        "narHash": "sha256-7KnV7rTlMpys+2J+TFVxUDDyKPLXFs4wIMtckMC72VM=",
        "owner": "Homebrew",
        "repo": "brew",
        "rev": "6bd951d96e7ebc54787799dba77bfb26ec956c4c",
        "type": "github"
      },
      "original": {
        "owner": "Homebrew",
        "ref": "6.0.11",
        "repo": "brew",
        "type": "github"
      }
    },
    "home-manager": {
      "inputs": {
        "nixpkgs": [
          "nixpkgs"
        ]
      },
      "locked": {
        "lastModified": 1784489491,
        "narHash": "sha256-j9maqjx1T8+ljAVntAdSI5hSGCm77QNZz64JF1rJNu0=",
        "owner": "nix-community",
        "repo": "home-manager",
        "rev": "3139deb8cafbe73b39b24451255b2fdd3426077e",
        "type": "github"
      },
      "original": {
        "owner": "nix-community",
        "repo": "home-manager",
        "type": "github"
      }
    },
    "homebrew-cask": {
      "flake": false,
      "locked": {
        "lastModified": 1784501046,
        "narHash": "sha256-/E4Ppu8IZVynsbyZu+IvF586gJCA5NCSmTXWwAcS0YI=",
        "owner": "homebrew",
        "repo": "homebrew-cask",
        "rev": "a61ec1d1ae76cff8cf10f792b617f5b4f7a49a84",
        "type": "github"
      },
      "original": {
        "owner": "homebrew",
        "repo": "homebrew-cask",
        "type": "github"
      }
    },
    "homebrew-core": {
      "flake": false,
      "locked": {
        "lastModified": 1784503441,
        "narHash": "sha256-7MNq8maxmIwx6sg7HMolCB0rh6r8yFfXRFSvtAj30fk=",
        "owner": "homebrew",
        "repo": "homebrew-core",
        "rev": "e8031b1e1b4d04c2d5e516a146cc2e9063fb4258",
        "type": "github"
      },
      "original": {
        "owner": "homebrew",
        "repo": "homebrew-core",
        "type": "github"
      }
    },
    "homebrew-egoist": {
      "flake": false,
      "locked": {
        "lastModified": 1784961941,
        "narHash": "sha256-BUupDbiVbfeDh+HZxV6672IhI2cMTfTvILLeTjXlJL0=",
        "owner": "egoist",
        "repo": "homebrew-tap",
        "rev": "f1836fd67498fb16546066dbb0c6f315c6e8b385",
        "type": "github"
      },
      "original": {
        "owner": "egoist",
        "repo": "homebrew-tap",
        "type": "github"
      }
    },
    "homebrew-smctemp": {
      "flake": false,
      "locked": {
        "lastModified": 1779199543,
        "narHash": "sha256-GuVODS30MrJ+b6iebHZoN5d4bj0Q4ARxpvw4ZLEGd80=",
        "owner": "narugit",
        "repo": "homebrew-tap",
        "rev": "a227f8bf19a28ab589213c581d762f18e0f6077a",
        "type": "github"
      },
      "original": {
        "owner": "narugit",
        "repo": "homebrew-tap",
        "type": "github"
      }
    },
    "neru": {
      "inputs": {
        "nixpkgs": "nixpkgs"
      },
      "locked": {
        "lastModified": 1784516755,
        "narHash": "sha256-NADzb4wsgCjzMcFXR67qRMlfViVOBJ9gTC8mZhdcW0M=",
        "owner": "y3owk1n",
        "repo": "neru",
        "rev": "c1a436d1ed1f610bdc363de36e90228ae8ac0cd1",
        "type": "github"
      },
      "original": {
        "owner": "y3owk1n",
        "repo": "neru",
        "type": "github"
      }
    },
    "nix-darwin": {
      "inputs": {
        "nixpkgs": [
          "nixpkgs"
        ]
      },
      "locked": {
        "lastModified": 1784500460,
        "narHash": "sha256-UvORnAxTRHax7RG74W8Z2t4GvIkX6AjJ5kk0QlwZomo=",
        "owner": "nix-darwin",
        "repo": "nix-darwin",
        "rev": "57a3171f94705599a2499248ca5758d5eb47c0e0",
        "type": "github"
      },
      "original": {
        "owner": "nix-darwin",
        "ref": "master",
        "repo": "nix-darwin",
        "type": "github"
      }
    },
    "nix-homebrew": {
      "inputs": {
        "brew-src": "brew-src"
      },
      "locked": {
        "lastModified": 1784159664,
        "narHash": "sha256-I/B6YoRLImHEqNWh8bs+tPjEDeteACeFhcLyoSMo1GE=",
        "owner": "zhaofengli",
        "repo": "nix-homebrew",
        "rev": "842eeb863ecca0eeb463f7a814cdc51e1d925776",
        "type": "github"
      },
      "original": {
        "owner": "zhaofengli",
        "repo": "nix-homebrew",
        "type": "github"
      }
    },
    "nixpkgs": {
      "locked": {
        "lastModified": 1783776592,
        "narHash": "sha256-UgCQzxeWI75XM8G+hPrPh+MKzEPjG3SpAj7dtqSbksA=",
        "owner": "NixOS",
        "repo": "nixpkgs",
        "rev": "e7a3ca8092b61ff85b6a45bf863ea2b2d6a661b3",
        "type": "github"
      },
      "original": {
        "owner": "NixOS",
        "ref": "nixos-unstable",
        "repo": "nixpkgs",
        "type": "github"
      }
    },
    "nixpkgs_2": {
      "locked": {
        "lastModified": 1784453100,
        "narHash": "sha256-zpGZb8FYui+i8KLtC0nlcmb0voR2zB80Qn8pe7lzIbk=",
        "owner": "NixOS",
        "repo": "nixpkgs",
        "rev": "b471514bed69eff5255c8e63c1f80e5fe56c616f",
        "type": "github"
      },
      "original": {
        "owner": "NixOS",
        "ref": "nixpkgs-unstable",
        "repo": "nixpkgs",
        "type": "github"
      }
    },
    "piAgent": {
      "inputs": {
        "nixpkgs": [
          "nixpkgs"
        ]
      },
      "locked": {
        "lastModified": 1785243360,
        "narHash": "sha256-ErDa9VxL4xIgAtylqfQX8byInms/dGis/2csJZiyCG4=",
        "owner": "mrndstvndv",
        "repo": "pi-coding-agent-flake",
        "rev": "da1a0ba163cc3856946056b624cd46f4f53989d7",
        "type": "github"
      },
      "original": {
        "owner": "mrndstvndv",
        "repo": "pi-coding-agent-flake",
        "type": "github"
      }
    },
    "root": {
      "inputs": {
        "home-manager": "home-manager",
        "homebrew-cask": "homebrew-cask",
        "homebrew-core": "homebrew-core",
        "homebrew-egoist": "homebrew-egoist",
        "homebrew-smctemp": "homebrew-smctemp",
        "neru": "neru",
        "nix-darwin": "nix-darwin",
        "nix-homebrew": "nix-homebrew",
        "nixpkgs": "nixpkgs_2",
        "piAgent": "piAgent"
      }
    }
  },
  "root": "root",
  "version": 7
}
