{
  "lockfileVersion": 1,
  "configVersion": 1,
  "workspaces": {
    "": {
      "name": "nyaa-extension",
      "dependencies": {
        "fast-xml-parser": "^4.3.0",
      },
    },
  },
  "packages": {
    "fast-xml-parser": ["fast-xml-parser@4.5.4", "", { "dependencies": { "strnum": "^1.0.5" }, "bin": { "fxparser": "src/cli/cli.js" } }, "sha512-jE8ugADnYOBsu1uaoayVl1tVKAMNOXyjwvv2U6udEA2ORBhDooJDWoGxTkhd4Qn4yh59JVVt/pKXtjPwx9OguQ=="],

    "strnum": ["strnum@1.1.2", "", {}, "sha512-vrN+B7DBIoTTZjnPNewwhx6cBA/H+IS7rfW68n7XxC1y7uoiGQBxaKzqucGUgavX15dJgiGztLJ8vxuEzwqBdA=="],
  }
}
